github.com/Eclalang/LibraryController v1.0.0 h1:D3z6DeVgck4xu28brEKV1UbglLk5mtO4JCqcLLVkpa8=
github.com/Eclalang/LibraryController v1.0.0/go.mod h1:yqLKnC2as6X/+zx4e2KYLpAm3rmKhfk6BksW7CMlIa4=
github.com/Eclalang/cast v1.0.0 h1:wEdtCFSLULp2Gm77/mM6mxiLOvLe/M5R3mgUfQKnzmc=
github.com/Eclalang/cast v1.0.0/go.mod h1:RJAiwgqiEPT3kmoSYTBK+JhpGOI8YXRdxrQ99zJyA00=
github.com/Eclalang/console v1.0.1 h1:t2Jc9cH19wT4/polJKNnnUmasl9f4pbVt81+p5lm5Kg=
github.com/Eclalang/console v1.0.1/go.mod h1:RHRoUAVzxpcTVzX/rPm5VFjOUrshw4v9pBVDlCEmwQM=
github.com/Eclalang/encoding v1.0.1 h1:cntD/UAlHaHMxu/xRZiT5R37bJrJvGQ2dWKi3VePVDI=
github.com/Eclalang/encoding v1.0.1/go.mod h1:fc3/K5xxbEf8fRSBhxunDFRerN3Wr6CXJ2lyA1nbxWA=
github.com/Eclalang/hash v1.0.0 h1:GzD6XGvAdr7Z64weypuLxjuyxXAGIebkGQzRFnuB0eY=
github.com/Eclalang/hash v1.0.0/go.mod h1:/ZoCq7JP9TBYTl79nIvL2X+VowFnarTwa8/fa9APK/w=
github.com/Eclalang/json v1.0.1 h1:B3ux43HrauYz+vpy4IpiqvWtDNR/yBd4ttmArsPIaBM=
github.com/Eclalang/json v1.0.1/go.mod h1:yr0YD25iKfdqzbchd0LY04/IswgBow51BPomNXIK+2k=
github.com/Eclalang/mainthread v0.0.0-20171120011319-8b78f0a41ae3 h1:9uBF4ZZ6ujLF77fyGouNnFEtAefYYyb5rqsI0D6yBCc=
github.com/Eclalang/mainthread v0.0.0-20171120011319-8b78f0a41ae3/go.mod h1:bt26YnMurP1FbERLwJiHlc+k1F+KWKnTE5UiX+olI3g=
github.com/Eclalang/math v1.0.1 h1:9a9EDTHaS/Qdmwgiceo1CcWKjxRTXvVRLK/A2A7g/gg=
github.com/Eclalang/math v1.0.1/go.mod h1:fsm8hu/CrnnYL1HNvftRyQp47ENW4QRs5AC+f2V+hOc=
github.com/Eclalang/os v1.0.1 h1:s2gbGRrnztqY9+rrReTjXNXdJWlm2xL8OoKEnYinItk=
github.com/Eclalang/os v1.0.1/go.mod h1:aOlOP4WanamjHncVvr4hRCUkF0FRh6Yud1Suu9EviRo=
github.com/Eclalang/regex v1.0.1 h1:d0Uv0mA+1B3t0gknC1rZ7YwXEdY/03bMLm34yUgknXA=
github.com/Eclalang/regex v1.0.1/go.mod h1://L9ebqTHyWDZWhmsvbmWFjfczjNUHGcRKpZj8dDR00=
github.com/Eclalang/strings v1.0.0 h1:rONEmWsx5bu0cXjF9VkbLd1l2MGSB16plWYfuioawFk=
github.com/Eclalang/strings v1.0.0/go.mod h1:2FgmYwPkfSu/cd2gZ8Wy37QfMzv2eraF86V/dDrLLhk=
github.com/Eclalang/time v1.0.1 h1:POiM/SNM6MxIhvbpNXa863LKgdIV8HWvXl9xi8ijKyQ=
github.com/Eclalang/time v1.0.1/go.mod h1://+Z1TD75utJJ7ob1E+D60sNezGOI3T7rhN17jYGnvM=
github.com/faiface/mainthread v0.0.0-20171120011319-8b78f0a41ae3 h1:baVdMKlASEHrj19iqjARrPbaRisD7EuZEVJj6ZMLl1Q=
github.com/faiface/mainthread v0.0.0-20171120011319-8b78f0a41ae3/go.mod h1:VEPNJUlxl5KdWjDvz6Q1l+rJlxF2i6xqDeGuGAxa87M=
