github.com/Eclalang/LibraryController v1.0.1-0.20240809080138-46cfaf3ebdf0 h1:RUh+s9vewH1RPEaSAUxi7Yz9Wv582g0yksweSDt5yxc=
github.com/Eclalang/LibraryController v1.0.1-0.20240809080138-46cfaf3ebdf0/go.mod h1:zp6fDAJoj0ebC7TDziuCqdoZGBL5KH0zml9wffr5psg=
github.com/Eclalang/array v1.0.0 h1:ywo2X3hGBcvRs3OUUy6Jds9sz+Euyogy98G5RLLFNGc=
github.com/Eclalang/array v1.0.0/go.mod h1:Hf8ZjZ8SrS2D2EuJSS0sS8u21uciYFo1I5jVps2Oi7Y=
github.com/Eclalang/cast v1.0.0 h1:wEdtCFSLULp2Gm77/mM6mxiLOvLe/M5R3mgUfQKnzmc=
github.com/Eclalang/cast v1.0.0/go.mod h1:RJAiwgqiEPT3kmoSYTBK+JhpGOI8YXRdxrQ99zJyA00=
github.com/Eclalang/console v1.0.2 h1:IQ5zY+7vvotHDDCXOsRsIu+waAwey+X4yItnM8Jr0kc=
github.com/Eclalang/console v1.0.2/go.mod h1:wXf4+hC8kNolIfLvENuTKvNuGEo/YumYztONSgPNSTY=
github.com/Eclalang/encoding v1.0.1 h1:cntD/UAlHaHMxu/xRZiT5R37bJrJvGQ2dWKi3VePVDI=
github.com/Eclalang/encoding v1.0.1/go.mod h1:fc3/K5xxbEf8fRSBhxunDFRerN3Wr6CXJ2lyA1nbxWA=
github.com/Eclalang/hash v1.0.0 h1:GzD6XGvAdr7Z64weypuLxjuyxXAGIebkGQzRFnuB0eY=
github.com/Eclalang/hash v1.0.0/go.mod h1:/ZoCq7JP9TBYTl79nIvL2X+VowFnarTwa8/fa9APK/w=
github.com/Eclalang/json v1.0.1 h1:B3ux43HrauYz+vpy4IpiqvWtDNR/yBd4ttmArsPIaBM=
github.com/Eclalang/json v1.0.1/go.mod h1:yr0YD25iKfdqzbchd0LY04/IswgBow51BPomNXIK+2k=
github.com/Eclalang/mainthread v0.0.0-20171120011319-8b78f0a41ae3 h1:9uBF4ZZ6ujLF77fyGouNnFEtAefYYyb5rqsI0D6yBCc=
github.com/Eclalang/mainthread v0.0.0-20171120011319-8b78f0a41ae3/go.mod h1:bt26YnMurP1FbERLwJiHlc+k1F+KWKnTE5UiX+olI3g=
github.com/Eclalang/math v1.0.1 h1:9a9EDTHaS/Qdmwgiceo1CcWKjxRTXvVRLK/A2A7g/gg=
github.com/Eclalang/math v1.0.1/go.mod h1:fsm8hu/CrnnYL1HNvftRyQp47ENW4QRs5AC+f2V+hOc=
github.com/Eclalang/os v1.0.1 h1:s2gbGRrnztqY9+rrReTjXNXdJWlm2xL8OoKEnYinItk=
github.com/Eclalang/os v1.0.1/go.mod h1:aOlOP4WanamjHncVvr4hRCUkF0FRh6Yud1Suu9EviRo=
github.com/Eclalang/regex v1.0.1 h1:d0Uv0mA+1B3t0gknC1rZ7YwXEdY/03bMLm34yUgknXA=
github.com/Eclalang/regex v1.0.1/go.mod h1://L9ebqTHyWDZWhmsvbmWFjfczjNUHGcRKpZj8dDR00=
github.com/Eclalang/strings v1.0.0 h1:rONEmWsx5bu0cXjF9VkbLd1l2MGSB16plWYfuioawFk=
github.com/Eclalang/strings v1.0.0/go.mod h1:2FgmYwPkfSu/cd2gZ8Wy37QfMzv2eraF86V/dDrLLhk=
github.com/Eclalang/time v1.1.1 h1:LrlIytusJQdhN4xKTkRo66V5JPZHDegn5rTY0FDmCl4=
github.com/Eclalang/time v1.1.1/go.mod h1://+Z1TD75utJJ7ob1E+D60sNezGOI3T7rhN17jYGnvM=
github.com/davecgh/go-spew v1.1.0 h1:ZDRjVQ15GmhC3fiQ8ni8+OwkZQO4DARzQgrnXU1Liz8=
github.com/davecgh/go-spew v1.1.0/go.mod h1:J7Y8YcW2NihsgmVo/mv3lAwl/skON4iLHjSsI+c5H38=
github.com/faiface/glhf v0.0.0-20181018222622-82a6317ac380 h1:FvZ0mIGh6b3kOITxUnxS3tLZMh7yEoHo75v3/AgUqg0=
github.com/faiface/glhf v0.0.0-20181018222622-82a6317ac380/go.mod h1:zqnPFFIuYFFxl7uH2gYByJwIVKG7fRqlqQCbzAnHs9g=
github.com/faiface/mainthread v0.0.0-20171120011319-8b78f0a41ae3 h1:baVdMKlASEHrj19iqjARrPbaRisD7EuZEVJj6ZMLl1Q=
github.com/faiface/mainthread v0.0.0-20171120011319-8b78f0a41ae3/go.mod h1:VEPNJUlxl5KdWjDvz6Q1l+rJlxF2i6xqDeGuGAxa87M=
github.com/faiface/pixel v0.10.0 h1:EHm3ZdQw2Ck4y51cZqFfqQpwLqNHOoXwbNEc9Dijql0=
github.com/faiface/pixel v0.10.0/go.mod h1:lU0YYcW77vL0F1CG8oX51GXurymL45MXd57otHNLK7A=
github.com/go-gl/gl v0.0.0-20190320180904-bf2b1f2f34d7 h1:SCYMcCJ89LjRGwEa0tRluNRiMjZHalQZrVrvTbPh+qw=
github.com/go-gl/gl v0.0.0-20190320180904-bf2b1f2f34d7/go.mod h1:482civXOzJJCPzJ4ZOX/pwvXBWSnzD4OKMdH4ClKGbk=
github.com/go-gl/glfw/v3.3/glfw v0.0.0-20191125211704-12ad95a8df72/go.mod h1:tQ2UAYgL5IevRw8kRxooKSPJfGvJ9fJQFa0TUsXzTg8=
github.com/go-gl/glfw/v3.3/glfw v0.0.0-20240506104042-037f3cc74f2a h1:vxnBhFDDT+xzxf1jTJKMKZw3H0swfWk9RpWbBbDK5+0=
github.com/go-gl/glfw/v3.3/glfw v0.0.0-20240506104042-037f3cc74f2a/go.mod h1:tQ2UAYgL5IevRw8kRxooKSPJfGvJ9fJQFa0TUsXzTg8=
github.com/go-gl/mathgl v0.0.0-20190416160123-c4601bc793c7 h1:THttjeRn1iiz69E875U6gAik8KTWk/JYAHoSVpUxBBI=
github.com/go-gl/mathgl v0.0.0-20190416160123-c4601bc793c7/go.mod h1:yhpkQzEiH9yPyxDUGzkmgScbaBVlhC06qodikEM0ZwQ=
github.com/golang/freetype v0.0.0-20170609003504-e2365dfdc4a0/go.mod h1:E/TSTwGwJL78qG/PmXZO1EjYhfJinVAhrmmHX6Z8B9k=
github.com/pkg/errors v0.8.1/go.mod h1:bwawxfHBFNV+L2hUp1rHADufV3IMtnDRdf1r5NINEl0=
github.com/pkg/errors v0.9.1 h1:FEBLx1zS214owpjy7qsBeixbURkuhQAwrK5UwLGTwt4=
github.com/pkg/errors v0.9.1/go.mod h1:bwawxfHBFNV+L2hUp1rHADufV3IMtnDRdf1r5NINEl0=
github.com/pmezard/go-difflib v1.0.0 h1:4DBwDE0NGyQoBHbLQYPwSUPoCMWR5BEzIk/f1lZbAQM=
github.com/pmezard/go-difflib v1.0.0/go.mod h1:iKH77koFhYxTK1pcRnkKkqfTogsbg7gZNVY4sRDYZ/4=
github.com/stretchr/objx v0.1.0/go.mod h1:HFkY916IF+rwdDfMAkV7OtwuqBVzrE8GR6GFx+wExME=
github.com/stretchr/testify v1.3.0 h1:TivCn/peBQ7UY8ooIcPgZFpTNSz0Q2U6UrFlUfqbe0Q=
github.com/stretchr/testify v1.3.0/go.mod h1:M5WIy9Dh21IEIfnGCwXGc5bZfKNJtfHm1UVUgZn+9EI=
golang.org/x/image v0.0.0-20190321063152-3fc05d484e9f/go.mod h1:kZ7UVZpmo3dzQBMxlp+ypCbDeSB+sBbTgSJuh5dn5js=
golang.org/x/image v0.0.0-20190523035834-f03afa92d3ff h1:+2zgJKVDVAz/BWSsuniCmU1kLCjL88Z8/kv39xCI9NQ=
golang.org/x/image v0.0.0-20190523035834-f03afa92d3ff/go.mod h1:kZ7UVZpmo3dzQBMxlp+ypCbDeSB+sBbTgSJuh5dn5js=
golang.org/x/text v0.3.0/go.mod h1:NqM8EUOU14njkJ3fqMW+pc6Ldnwhi/IjpwHt7yyuwOQ=
